<?xml version="1.0" encoding="utf-8"?>
<Project ToolsVersion="4.0" xmlns="http://schemas.microsoft.com/developer/msbuild/2003">
  <ItemGroup>
    <Filter Include="Source Files">
      <UniqueIdentifier>{4FC737F1-C7A5-4376-A066-2A32D752A2FF}</UniqueIdentifier>
      <Extensions>cpp;c;cc;cxx;c++;cppm;ixx;def;odl;idl;hpj;bat;asm;asmx</Extensions>
    </Filter>
    <Filter Include="Header Files">
      <UniqueIdentifier>{93995380-89BD-4b04-88EB-625FBE52EBFB}</UniqueIdentifier>
      <Extensions>h;hh;hpp;hxx;h++;hm;inl;inc;ipp;xsd</Extensions>
    </Filter>
    <Filter Include="Resource Files">
      <UniqueIdentifier>{67DA6AB6-F800-4c08-8B7A-83BB121AAD01}</UniqueIdentifier>
      <Extensions>rc;ico;cur;bmp;dlg;rc2;rct;bin;rgs;gif;jpg;jpeg;jpe;resx;tiff;tif;png;wav;mfcribbon-ms</Extensions>
    </Filter>
  </ItemGroup>
  <ItemGroup>
    <ClCompile Include="Login.cpp">
      <Filter>Source Files</Filter>
    </ClCompile>
    <ClCompile Include="MainForm.cpp">
      <Filter>Source Files</Filter>
    </ClCompile>
    <ClCompile Include="Database.cpp">
      <Filter>Source Files</Filter>
    </ClCompile>
    <ClCompile Include="FeeControl.cpp">
      <Filter>Source Files</Filter>
    </ClCompile>
    <ClCompile Include="StudentMainForm.cpp">
      <Filter>Source Files</Filter>
    </ClCompile>
    <ClCompile Include="Program.cpp">
      <Filter>Source Files</Filter>
    </ClCompile>
    <ClCompile Include="StudentControl.cpp">
      <Filter>Source Files</Filter>
    </ClCompile>
    <ClCompile Include="AdminProfileControl.cpp">
      <Filter>Source Files</Filter>
    </ClCompile>
    <ClCompile Include="StudentProfileControl.cpp">
      <Filter>Source Files</Filter>
    </ClCompile>
    <ClCompile Include="CoursesGradesControl.cpp">
      <Filter>Source Files</Filter>
    </ClCompile>
    <ClCompile Include="DetailedGradesForm.cpp">
      <Filter>Source Files</Filter>
    </ClCompile>
    <ClCompile Include="AttendanceControl.cpp">
      <Filter>Source Files</Filter>
    </ClCompile>
    <ClCompile Include="GPAControl.cpp">
      <Filter>Source Files</Filter>
    </ClCompile>
    <ClCompile Include="ProfessorMainForm.cpp">
      <Filter>Source Files</Filter>
    </ClCompile>
    <ClCompile Include="ProfessorCoursesControl.cpp">
      <Filter>Source Files</Filter>
    </ClCompile>
    <ClCompile Include="ProfessorProfileControl.cpp">
      <Filter>Source Files</Filter>
    </ClCompile>
    <ClCompile Include="ProfessorAttendanceControl.cpp">
      <Filter>Source Files</Filter>
    </ClCompile>
    <ClCompile Include="StudentFeeControl.cpp">
      <Filter>Source Files</Filter>
    </ClCompile>
  </ItemGroup>
  <ItemGroup>
    <ClInclude Include="Login.h">
      <Filter>Header Files</Filter>
    </ClInclude>
    <ClInclude Include="MainForm.h">
      <Filter>Header Files</Filter>
    </ClInclude>
    <ClInclude Include="Database.h">
      <Filter>Header Files</Filter>
    </ClInclude>
    <ClInclude Include="FeeControl.h">
      <Filter>Header Files</Filter>
    </ClInclude>
    <ClInclude Include="StudentMainForm.h">
      <Filter>Header Files</Filter>
    </ClInclude>
    <ClInclude Include="StudentControl.h">
      <Filter>Header Files</Filter>
    </ClInclude>
    <ClInclude Include="AdminProfileControl.h">
      <Filter>Header Files</Filter>
    </ClInclude>
    <ClInclude Include="StudentProfileControl.h">
      <Filter>Header Files</Filter>
    </ClInclude>
    <ClInclude Include="CoursesGradesControl.h">
      <Filter>Header Files</Filter>
    </ClInclude>
    <ClInclude Include="DetailedGradesForm.h">
      <Filter>Header Files</Filter>
    </ClInclude>
    <ClInclude Include="AttendanceControl.h">
      <Filter>Header Files</Filter>
    </ClInclude>
    <ClInclude Include="GPAControl.h">
      <Filter>Header Files</Filter>
    </ClInclude>
    <ClInclude Include="ProfessorMainForm.h">
      <Filter>Header Files</Filter>
    </ClInclude>
    <ClInclude Include="ProfessorCoursesControl.h">
      <Filter>Header Files</Filter>
    </ClInclude>
    <ClInclude Include="ProfessorProfileControl.h">
      <Filter>Header Files</Filter>
    </ClInclude>
    <ClInclude Include="ProfessorAttendanceControl.h">
      <Filter>Header Files</Filter>
    </ClInclude>
    <ClInclude Include="StudentFeeControl.h">
      <Filter>Header Files</Filter>
    </ClInclude>
  </ItemGroup>
  <ItemGroup>
    <ApplicationDefinition Include="App.config" />
  </ItemGroup>
</Project>